
Microsoft Visual Studio Solution File, Format Version 12.00
# Visual Studio Version 17
VisualStudioVersion = 17.6.33829.357
MinimumVisualStudioVersion = 10.0.40219.1
Project("{FAE04EC0-301F-11D3-BF4B-00C04F79EFBC}") = "Lab4B", "Lab4B\Lab4B.csproj", "{23EC4D74-CE80-4C6F-B478-7A905486740B}"
EndProject
Project("{FAE04EC0-301F-11D3-BF4B-00C04F79EFBC}") = "Lab4A", "Lab4A\Lab4A.csproj", "{D7B83BFE-2883-47E4-A70A-1827EE587A1B}"
EndProject
Global
	GlobalSection(SolutionConfigurationPlatforms) = preSolution
		Debug|Any CPU = Debug|Any CPU
		Release|Any CPU = Release|Any CPU
	EndGlobalSection
	GlobalSection(ProjectConfigurationPlatforms) = postSolution
		{23EC4D74-CE80-4C6F-B478-7A905486740B}.Debug|Any CPU.ActiveCfg = Debug|Any CPU
		{23EC4D74-CE80-4C6F-B478-7A905486740B}.Debug|Any CPU.Build.0 = Debug|Any CPU
		{23EC4D74-CE80-4C6F-B478-7A905486740B}.Release|Any CPU.ActiveCfg = Release|Any CPU
		{23EC4D74-CE80-4C6F-B478-7A905486740B}.Release|Any CPU.Build.0 = Release|Any CPU
		{D7B83BFE-2883-47E4-A70A-1827EE587A1B}.Debug|Any CPU.ActiveCfg = Debug|Any CPU
		{D7B83BFE-2883-47E4-A70A-1827EE587A1B}.Debug|Any CPU.Build.0 = Debug|Any CPU
		{D7B83BFE-2883-47E4-A70A-1827EE587A1B}.Release|Any CPU.ActiveCfg = Release|Any CPU
		{D7B83BFE-2883-47E4-A70A-1827EE587A1B}.Release|Any CPU.Build.0 = Release|Any CPU
	EndGlobalSection
	GlobalSection(SolutionProperties) = preSolution
		HideSolutionNode = FALSE
	EndGlobalSection
	GlobalSection(ExtensibilityGlobals) = postSolution
		SolutionGuid = {94006BE4-0A5B-4218-AEE2-EFE96A90D07F}
	EndGlobalSection
EndGlobal
